{
  "name": "demo",
  "version": "0.1.0",
  "lockfileVersion": 1,
  "requires": true,
  "dependencies": {
    "@ctrl/tinycolor": {
      "version": "3.4.0",
      "resolved": "http://npm.nevint.com/repository/npm-all/@ctrl/tinycolor/-/tinycolor-3.4.0.tgz",
      "integrity": "sha512-JZButFdZ1+/xAfpguQHoabIXkcqRRKpMrWKBkpEZZyxfY9C1DpADFB8PEqGSTeFr135SaTRfKqGKx5xSCLI7ZQ=="
    },
    "@element-plus/icons-vue": {
      "version": "0.2.7",
      "resolved": "http://npm.nevint.com/repository/npm-all/@element-plus/icons-vue/-/icons-vue-0.2.7.tgz",
      "integrity": "sha512-S8kDbfVaWkQvbUYQE1ui448tzaHfUvyESCep9J6uPRlViyQPXjdIfwLBhV6AmQSOfFS8rL+xehJGhvzPXLrSBg=="
    },
    "@mp/lego-ui": {
      "version": "0.4.13",
      "resolved": "http://npm-registry.nevint.com/repository/npm-all/@mp/lego-ui/-/lego-ui-0.4.13.tgz",
      "integrity": "sha1-nkNmhXKCtKJTZl6vHml36H/rh3E=",
      "requires": {
        "@mp/styles": "^0.4.7",
        "element-ui": "^2.15.1"
      }
    },
    "@mp/styles": {
      "version": "0.4.12",
      "resolved": "http://npm-registry.nevint.com/repository/npm-all/@mp/styles/-/styles-0.4.12.tgz",
      "integrity": "sha512-v3eHyz1BzcERZscYttZKBS8SUVG+L6hpVDFds7XxH2ZuTVHJgQLrtnPt+bEMAihgBtMnKdj58dkLTN/LfUQgFw==",
      "requires": {
        "element-theme-chalk": "^2.15.1"
      }
    },
    "@popperjs/core": {
      "version": "2.11.2",
      "resolved": "http://npm.nevint.com/repository/npm-all/@popperjs/core/-/core-2.11.2.tgz",
      "integrity": "sha512-92FRmppjjqz29VMJ2dn+xdyXZBrMlE42AV6Kq6BwjWV7CNUW1hs2FtxSNLQE+gJhaZ6AAmYuO9y8dshhcBl7vA=="
    },
    "@vue/devtools-api": {
      "version": "6.0.11",
      "resolved": "http://npm.nevint.com/repository/npm-all/@vue/devtools-api/-/devtools-api-6.0.11.tgz",
      "integrity": "sha512-0X7/3plmtdBFAG0dS5u1utBsA2++E/TJxWQlnlUydP/21q71CCn/F4b0ir49us/Cn8mzemednIL8ZMjX/boiQw=="
    },
    "@vueuse/core": {
      "version": "7.6.2",
      "resolved": "http://npm.nevint.com/repository/npm-all/@vueuse/core/-/core-7.6.2.tgz",
      "integrity": "sha512-bjAbXJVJO6aElMaZtDz2B70C0L6jFk/jGVqJxWZS5huffxA6dW5DN6tQQJwzOnx9B9rDhePHJIFKsix0qZIH2Q==",
      "requires": {
        "@vueuse/shared": "7.6.2",
        "vue-demi": "*"
      }
    },
    "@vueuse/shared": {
      "version": "7.6.2",
      "resolved": "http://npm.nevint.com/repository/npm-all/@vueuse/shared/-/shared-7.6.2.tgz",
      "integrity": "sha512-ThDld4Mx501tahRuHV6qJGkwCr17GknZrOzlD02Na9qJcH7Pq0quNTLx5cNDou7b1CKNvE3BXi2w/hz9KuPNTQ==",
      "requires": {
        "vue-demi": "*"
      }
    },
    "async-validator": {
      "version": "4.0.7",
      "resolved": "http://npm.nevint.com/repository/npm-all/async-validator/-/async-validator-4.0.7.tgz",
      "integrity": "sha512-Pj2IR7u8hmUEDOwB++su6baaRi+QvsgajuFB9j95foM1N2gy5HM4z60hfusIO0fBPG5uLAEl6yCJr1jNSVugEQ=="
    },
    "axios": {
      "version": "0.26.0",
      "resolved": "http://npm.nevint.com/repository/npm-all/axios/-/axios-0.26.0.tgz",
      "integrity": "sha512-lKoGLMYtHvFrPVt3r+RBMp9nh34N0M8zEfCWqdWZx6phynIEhQqAdydpyBAAG211zlhX9Rgu08cOamy6XjE5Og==",
      "requires": {
        "follow-redirects": "^1.14.8"
      }
    },
    "babel-helper-vue-jsx-merge-props": {
      "version": "2.0.3",
      "resolved": "http://npm-registry.nevint.com/repository/npm-all/babel-helper-vue-jsx-merge-props/-/babel-helper-vue-jsx-merge-props-2.0.3.tgz",
      "integrity": "sha512-gsLiKK7Qrb7zYJNgiXKpXblxbV5ffSwR0f5whkPAaBAR4fhi6bwRZxX9wBlIc5M/v8CCkXUbXZL4N/nSE97cqg=="
    },
    "babel-runtime": {
      "version": "6.26.0",
      "resolved": "http://npm-registry.nevint.com/repository/npm-all/babel-runtime/-/babel-runtime-6.26.0.tgz",
      "integrity": "sha512-ITKNuq2wKlW1fJg9sSW52eepoYgZBggvOAHC0u/CYu/qxQ9EVzThCgR69BnSXLHjy2f7SY5zaQ4yt7H9ZVxY2g==",
      "requires": {
        "core-js": "^2.4.0",
        "regenerator-runtime": "^0.11.0"
      },
      "dependencies": {
        "core-js": {
          "version": "2.6.12",
          "resolved": "http://npm-registry.nevint.com/repository/npm-all/core-js/-/core-js-2.6.12.tgz",
          "integrity": "sha512-Kb2wC0fvsWfQrgk8HU5lW6U/Lcs8+9aaYcy4ZFc6DDlo4nZ7n70dEgE5rtR0oG6ufKDUnrwfWL1mXR5ljDatrQ=="
        }
      }
    },
    "dayjs": {
      "version": "1.10.7",
      "resolved": "http://npm.nevint.com/repository/npm-all/dayjs/-/dayjs-1.10.7.tgz",
      "integrity": "sha512-P6twpd70BcPK34K26uJ1KT3wlhpuOAPoMwJzpsIWUxHZ7wpmbdZL/hQqBDfz7hGurYSa5PhzdhDHtt319hL3ig=="
    },
    "deepmerge": {
      "version": "1.5.2",
      "resolved": "http://npm-registry.nevint.com/repository/npm-all/deepmerge/-/deepmerge-1.5.2.tgz",
      "integrity": "sha512-95k0GDqvBjZavkuvzx/YqVLv/6YYa17fz6ILMSf7neqQITCPbnfEnQvEgMPNjH4kgobe7+WIL0yJEHku+H3qtQ=="
    },
    "element-plus": {
      "version": "2.0.2",
      "resolved": "http://npm.nevint.com/repository/npm-all/element-plus/-/element-plus-2.0.2.tgz",
      "integrity": "sha512-URjC0HwwiqtlLxqTmHXQ31WXrdAq4ChWyyn52OcQs3PRsnMPfahGVq2AWnfzzlzlhVeI5lY3HQiuB1zDathS+g==",
      "requires": {
        "@ctrl/tinycolor": "^3.4.0",
        "@element-plus/icons-vue": "^0.2.6",
        "@popperjs/core": "^2.11.2",
        "@vueuse/core": "^7.6.0",
        "async-validator": "^4.0.7",
        "dayjs": "^1.10.7",
        "lodash": "^4.17.21",
        "lodash-es": "^4.17.21",
        "lodash-unified": "^1.0.1",
        "memoize-one": "^6.0.0",
        "normalize-wheel-es": "^1.1.1"
      }
    },
    "element-theme-chalk": {
      "version": "2.15.6",
      "resolved": "http://npm-registry.nevint.com/repository/npm-all/element-theme-chalk/-/element-theme-chalk-2.15.6.tgz",
      "integrity": "sha512-xz5drQxpid6Yw0zETIVprZiPoZvt6dxpTthkDn8LxYg+F+3Yh1LThCEWutTHNnDKjfQkG9JqbNHsXMmCSr4vrA=="
    },
    "element-ui": {
      "version": "2.15.6",
      "resolved": "http://npm-registry.nevint.com/repository/npm-all/element-ui/-/element-ui-2.15.6.tgz",
      "integrity": "sha512-rcYXEKd/j2G0AgficAOk1Zd1AsnHRkhmrK4yLHmNOiimU2JfsywgfKUjMoFuT6pQx0luhovj8lFjpE4Fnt58Iw==",
      "requires": {
        "async-validator": "~1.8.1",
        "babel-helper-vue-jsx-merge-props": "^2.0.0",
        "deepmerge": "^1.2.0",
        "normalize-wheel": "^1.0.1",
        "resize-observer-polyfill": "^1.5.0",
        "throttle-debounce": "^1.0.1"
      },
      "dependencies": {
        "async-validator": {
          "version": "1.8.5",
          "resolved": "http://npm-registry.nevint.com/repository/npm-all/async-validator/-/async-validator-1.8.5.tgz",
          "integrity": "sha512-tXBM+1m056MAX0E8TL2iCjg8WvSyXu0Zc8LNtYqrVeyoL3+esHRZ4SieE9fKQyyU09uONjnMEjrNBMqT0mbvmA==",
          "requires": {
            "babel-runtime": "6.x"
          }
        }
      }
    },
    "follow-redirects": {
      "version": "1.14.8",
      "resolved": "http://npm.nevint.com/repository/npm-all/follow-redirects/-/follow-redirects-1.14.8.tgz",
      "integrity": "sha512-1x0S9UVJHsQprFcEC/qnNzBLcIxsjAV905f/UkQxbclCsoTWlacCNOpQa/anodLl2uaEKFhfWOvM2Qg77+15zA=="
    },
    "lodash": {
      "version": "4.17.21",
      "resolved": "http://npm.nevint.com/repository/npm-all/lodash/-/lodash-4.17.21.tgz",
      "integrity": "sha512-v2kDEe57lecTulaDIuNTPy3Ry4gLGJ6Z1O3vE1krgXZNrsQ+LFTGHVxVjcXPs17LhbZVGedAJv8XZ1tvj5FvSg=="
    },
    "lodash-es": {
      "version": "4.17.21",
      "resolved": "http://npm.nevint.com/repository/npm-all/lodash-es/-/lodash-es-4.17.21.tgz",
      "integrity": "sha512-mKnC+QJ9pWVzv+C4/U3rRsHapFfHvQFoFB92e52xeyGMcX6/OlIl78je1u8vePzYZSkkogMPJ2yjxxsb89cxyw=="
    },
    "lodash-unified": {
      "version": "1.0.1",
      "resolved": "http://npm.nevint.com/repository/npm-all/lodash-unified/-/lodash-unified-1.0.1.tgz",
      "integrity": "sha512-Py+twfpWn+2dFQWCuGcp21WiQRwZwnm1cyE3piSt/VtBVKVyxlR58WgOVRzXtmdmDRGJKH8F8GPaA29WK/yK8g=="
    },
    "memoize-one": {
      "version": "6.0.0",
      "resolved": "http://npm.nevint.com/repository/npm-all/memoize-one/-/memoize-one-6.0.0.tgz",
      "integrity": "sha512-rkpe71W0N0c0Xz6QD0eJETuWAJGnJ9afsl1srmwPrI+yBCkge5EycXXbYRyvL29zZVUWQCY7InPRCv3GDXuZNw=="
    },
    "normalize-wheel": {
      "version": "1.0.1",
      "resolved": "http://npm-registry.nevint.com/repository/npm-all/normalize-wheel/-/normalize-wheel-1.0.1.tgz",
      "integrity": "sha512-1OnlAPZ3zgrk8B91HyRj+eVv+kS5u+Z0SCsak6Xil/kmgEia50ga7zfkumayonZrImffAxPU/5WcyGhzetHNPA=="
    },
    "normalize-wheel-es": {
      "version": "1.1.1",
      "resolved": "http://npm.nevint.com/repository/npm-all/normalize-wheel-es/-/normalize-wheel-es-1.1.1.tgz",
      "integrity": "sha512-157VNH4CngrcsvF8xOVOe22cwniIR3nxSltdctvQeHZj8JttEeOXffK28jucWfWBXs0QNetAumjc1GiInnwX4w=="
    },
    "regenerator-runtime": {
      "version": "0.11.1",
      "resolved": "http://npm-registry.nevint.com/repository/npm-all/regenerator-runtime/-/regenerator-runtime-0.11.1.tgz",
      "integrity": "sha512-MguG95oij0fC3QV3URf4V2SDYGJhJnJGqvIIgdECeODCT98wSWDAJ94SSuVpYQUoTcGUIL6L4yNB7j1DFFHSBg=="
    },
    "resize-observer-polyfill": {
      "version": "1.5.1",
      "resolved": "http://npm-registry.nevint.com/repository/npm-all/resize-observer-polyfill/-/resize-observer-polyfill-1.5.1.tgz",
      "integrity": "sha512-LwZrotdHOo12nQuZlHEmtuXdqGoOD0OhaxopaNFxWzInpEgaLWoVuAMbTzixuosCx2nEG58ngzW3vxdWoxIgdg=="
    },
    "throttle-debounce": {
      "version": "1.1.0",
      "resolved": "http://npm-registry.nevint.com/repository/npm-all/throttle-debounce/-/throttle-debounce-1.1.0.tgz",
      "integrity": "sha512-XH8UiPCQcWNuk2LYePibW/4qL97+ZQ1AN3FNXwZRBNPPowo/NRU5fAlDCSNBJIYCKbioZfuYtMhG4quqoJhVzg=="
    },
    "vue-demi": {
      "version": "0.12.1",
      "resolved": "http://npm.nevint.com/repository/npm-all/vue-demi/-/vue-demi-0.12.1.tgz",
      "integrity": "sha512-QL3ny+wX8c6Xm1/EZylbgzdoDolye+VpCXRhI2hug9dJTP3OUJ3lmiKN3CsVV3mOJKwFi0nsstbgob0vG7aoIw=="
    },
    "vue-router": {
      "version": "4.0.12",
      "resolved": "http://npm.nevint.com/repository/npm-all/vue-router/-/vue-router-4.0.12.tgz",
      "integrity": "sha512-CPXvfqe+mZLB1kBWssssTiWg4EQERyqJZes7USiqfW9B5N2x+nHlnsM1D3b5CaJ6qgCvMmYJnz+G0iWjNCvXrg==",
      "requires": {
        "@vue/devtools-api": "^6.0.0-beta.18"
      }
    }
  }
}
